
Microsoft Visual Studio Solution File, Format Version 12.00
# Visual Studio Version 16
VisualStudioVersion = 16.0.33423.256
MinimumVisualStudioVersion = 10.0.40219.1
Project("{FAE04EC0-301F-11D3-BF4B-00C04F79EFBC}") = "MatchGame", "MatchGame\MatchGame.csproj", "{5F5FB055-F7E3-40B7-8AEC-16461F1F4164}"
EndProject
Global
	GlobalSection(SolutionConfigurationPlatforms) = preSolution
		Debug|Any CPU = Debug|Any CPU
		Release|Any CPU = Release|Any CPU
	EndGlobalSection
	GlobalSection(ProjectConfigurationPlatforms) = postSolution
		{5F5FB055-F7E3-40B7-8AEC-16461F1F4164}.Debug|Any CPU.ActiveCfg = Debug|Any CPU
		{5F5FB055-F7E3-40B7-8AEC-16461F1F4164}.Debug|Any CPU.Build.0 = Debug|Any CPU
		{5F5FB055-F7E3-40B7-8AEC-16461F1F4164}.Release|Any CPU.ActiveCfg = Release|Any CPU
		{5F5FB055-F7E3-40B7-8AEC-16461F1F4164}.Release|Any CPU.Build.0 = Release|Any CPU
	EndGlobalSection
	GlobalSection(SolutionProperties) = preSolution
		HideSolutionNode = FALSE
	EndGlobalSection
	GlobalSection(ExtensibilityGlobals) = postSolution
		SolutionGuid = {9B820EB4-BB33-4BE2-820D-37C23E317ED7}
	EndGlobalSection
EndGlobal
